
Microsoft Visual Studio Solution File, Format Version 12.00
# Visual Studio Version 16
VisualStudioVersion = 16.0.29519.181
MinimumVisualStudioVersion = 10.0.40219.1
Project("{FAE04EC0-301F-11D3-BF4B-00C04F79EFBC}") = "R6Tracker.WinFormApp", "R6Tracker.WinFormApp\R6Tracker.WinFormApp.csproj", "{30CE3FE9-439E-46FC-BCF3-36544DC80D11}"
EndProject
Project("{9A19103F-16F7-4668-BE54-9A1E7A4F7556}") = "R6T.Scraper", "R6T.Scraper\R6T.Scraper.csproj", "{96E4AACA-A797-418E-AED2-435BB37985B0}"
EndProject
Project("{FAE04EC0-301F-11D3-BF4B-00C04F79EFBC}") = "R6T.Model", "R6T.Model\R6T.Model.csproj", "{EFF2CE21-4425-45FE-9707-A041DDDDE376}"
EndProject
Project("{FAE04EC0-301F-11D3-BF4B-00C04F79EFBC}") = "R6T.Service", "R6T.Service\R6T.Service.csproj", "{6B79C077-3591-4D28-B7AF-FA70DF976827}"
EndProject
Global
	GlobalSection(SolutionConfigurationPlatforms) = preSolution
		Debug|Any CPU = Debug|Any CPU
		Release|Any CPU = Release|Any CPU
	EndGlobalSection
	GlobalSection(ProjectConfigurationPlatforms) = postSolution
		{30CE3FE9-439E-46FC-BCF3-36544DC80D11}.Debug|Any CPU.ActiveCfg = Debug|Any CPU
		{30CE3FE9-439E-46FC-BCF3-36544DC80D11}.Debug|Any CPU.Build.0 = Debug|Any CPU
		{30CE3FE9-439E-46FC-BCF3-36544DC80D11}.Release|Any CPU.ActiveCfg = Release|Any CPU
		{30CE3FE9-439E-46FC-BCF3-36544DC80D11}.Release|Any CPU.Build.0 = Release|Any CPU
		{96E4AACA-A797-418E-AED2-435BB37985B0}.Debug|Any CPU.ActiveCfg = Debug|Any CPU
		{96E4AACA-A797-418E-AED2-435BB37985B0}.Debug|Any CPU.Build.0 = Debug|Any CPU
		{96E4AACA-A797-418E-AED2-435BB37985B0}.Release|Any CPU.ActiveCfg = Release|Any CPU
		{96E4AACA-A797-418E-AED2-435BB37985B0}.Release|Any CPU.Build.0 = Release|Any CPU
		{EFF2CE21-4425-45FE-9707-A041DDDDE376}.Debug|Any CPU.ActiveCfg = Debug|Any CPU
		{EFF2CE21-4425-45FE-9707-A041DDDDE376}.Debug|Any CPU.Build.0 = Debug|Any CPU
		{EFF2CE21-4425-45FE-9707-A041DDDDE376}.Release|Any CPU.ActiveCfg = Release|Any CPU
		{EFF2CE21-4425-45FE-9707-A041DDDDE376}.Release|Any CPU.Build.0 = Release|Any CPU
		{6B79C077-3591-4D28-B7AF-FA70DF976827}.Debug|Any CPU.ActiveCfg = Debug|Any CPU
		{6B79C077-3591-4D28-B7AF-FA70DF976827}.Debug|Any CPU.Build.0 = Debug|Any CPU
		{6B79C077-3591-4D28-B7AF-FA70DF976827}.Release|Any CPU.ActiveCfg = Release|Any CPU
		{6B79C077-3591-4D28-B7AF-FA70DF976827}.Release|Any CPU.Build.0 = Release|Any CPU
	EndGlobalSection
	GlobalSection(SolutionProperties) = preSolution
		HideSolutionNode = FALSE
	EndGlobalSection
	GlobalSection(ExtensibilityGlobals) = postSolution
		SolutionGuid = {1678CB7F-59D3-4020-ACC7-58D480CDA1D9}
	EndGlobalSection
EndGlobal
